
Microsoft Visual Studio Solution File, Format Version 12.00
# Visual Studio Version 17
VisualStudioVersion = 17.8.34525.116
MinimumVisualStudioVersion = 10.0.40219.1
Project("{FAE04EC0-301F-11D3-BF4B-00C04F79EFBC}") = "Canary", "Canary\Canary.csproj", "{142DD6E8-E20A-42E9-8233-8BAFF7D939FA}"
EndProject
Global
	GlobalSection(SolutionConfigurationPlatforms) = preSolution
		Debug|Any CPU = Debug|Any CPU
		Release|Any CPU = Release|Any CPU
	EndGlobalSection
	GlobalSection(ProjectConfigurationPlatforms) = postSolution
		{142DD6E8-E20A-42E9-8233-8BAFF7D939FA}.Debug|Any CPU.ActiveCfg = Debug|Any CPU
		{142DD6E8-E20A-42E9-8233-8BAFF7D939FA}.Debug|Any CPU.Build.0 = Debug|Any CPU
		{142DD6E8-E20A-42E9-8233-8BAFF7D939FA}.Release|Any CPU.ActiveCfg = Release|Any CPU
		{142DD6E8-E20A-42E9-8233-8BAFF7D939FA}.Release|Any CPU.Build.0 = Release|Any CPU
	EndGlobalSection
	GlobalSection(SolutionProperties) = preSolution
		HideSolutionNode = FALSE
	EndGlobalSection
	GlobalSection(ExtensibilityGlobals) = postSolution
		SolutionGuid = {A825F590-239E-4367-AC5C-E71465C311D2}
	EndGlobalSection
EndGlobal
